// !$*UTF8*$!
{
	archiveVersion = 1;
	classes = {
	};
	objectVersion = 46;
	objects = {

/* Begin PBXBuildFile section */
		3CF5FC0E1C44961E00B1331B /* SpotdropIdentityProvider.swift in Sources */ = {isa = PBXBuildFile; fileRef = 3CF5FC0D1C44961E00B1331B /* SpotdropIdentityProvider.swift */; };
		3CF5FC101C449DE100B1331B /* Constants.swift in Sources */ = {isa = PBXBuildFile; fileRef = 3CF5FC0F1C449DE100B1331B /* Constants.swift */; };
		3CFCC9AC1C5570D400744698 /* userSignUpRequest.txt in Resources */ = {isa = PBXBuildFile; fileRef = 3CFCC9AB1C5570D400744698 /* userSignUpRequest.txt */; };
		3CFCC9AE1C55711600744698 /* userSignUpResponse.txt in Resources */ = {isa = PBXBuildFile; fileRef = 3CFCC9AD1C55711600744698 /* userSignUpResponse.txt */; };
		3CFCE6F41C41A86B008B3EF8 /* AppDelegate.swift in Sources */ = {isa = PBXBuildFile; fileRef = 3CFCE6F31C41A86B008B3EF8 /* AppDelegate.swift */; };
		3CFCE6F61C41A86B008B3EF8 /* ViewController.swift in Sources */ = {isa = PBXBuildFile; fileRef = 3CFCE6F51C41A86B008B3EF8 /* ViewController.swift */; };
		3CFCE6F91C41A86B008B3EF8 /* Main.storyboard in Resources */ = {isa = PBXBuildFile; fileRef = 3CFCE6F71C41A86B008B3EF8 /* Main.storyboard */; };
		3CFCE6FC1C41A86B008B3EF8 /* Spotdrop.xcdatamodeld in Sources */ = {isa = PBXBuildFile; fileRef = 3CFCE6FA1C41A86B008B3EF8 /* Spotdrop.xcdatamodeld */; };
		3CFCE6FE1C41A86B008B3EF8 /* Assets.xcassets in Resources */ = {isa = PBXBuildFile; fileRef = 3CFCE6FD1C41A86B008B3EF8 /* Assets.xcassets */; };
		3CFCE7011C41A86B008B3EF8 /* LaunchScreen.storyboard in Resources */ = {isa = PBXBuildFile; fileRef = 3CFCE6FF1C41A86B008B3EF8 /* LaunchScreen.storyboard */; };
		3CFCE70C1C41A86B008B3EF8 /* SpotdropTests.swift in Sources */ = {isa = PBXBuildFile; fileRef = 3CFCE70B1C41A86B008B3EF8 /* SpotdropTests.swift */; };
		3CFCE7171C41A86B008B3EF8 /* SpotdropUITests.swift in Sources */ = {isa = PBXBuildFile; fileRef = 3CFCE7161C41A86B008B3EF8 /* SpotdropUITests.swift */; };
		3CFCE7261C41AA09008B3EF8 /* FBSDKLoginKit.framework in Frameworks */ = {isa = PBXBuildFile; fileRef = 3CFCE7251C41AA09008B3EF8 /* FBSDKLoginKit.framework */; };
		3CFCE7281C41AA18008B3EF8 /* FBSDKCoreKit.framework in Frameworks */ = {isa = PBXBuildFile; fileRef = 3CFCE7271C41AA18008B3EF8 /* FBSDKCoreKit.framework */; };
		3CFCE72A1C41AA3B008B3EF8 /* FBSDKShareKit.framework in Frameworks */ = {isa = PBXBuildFile; fileRef = 3CFCE7291C41AA3B008B3EF8 /* FBSDKShareKit.framework */; };
		E6BA83369ABAFDA54F2D90DD /* libPods.a in Frameworks */ = {isa = PBXBuildFile; fileRef = 995A950E33FECCA56844C356 /* libPods.a */; };
/* End PBXBuildFile section */

/* Begin PBXContainerItemProxy section */
		3CFCE7081C41A86B008B3EF8 /* PBXContainerItemProxy */ = {
			isa = PBXContainerItemProxy;
			containerPortal = 3CFCE6E81C41A86B008B3EF8 /* Project object */;
			proxyType = 1;
			remoteGlobalIDString = 3CFCE6EF1C41A86B008B3EF8;
			remoteInfo = Spotdrop;
		};
		3CFCE7131C41A86B008B3EF8 /* PBXContainerItemProxy */ = {
			isa = PBXContainerItemProxy;
			containerPortal = 3CFCE6E81C41A86B008B3EF8 /* Project object */;
			proxyType = 1;
			remoteGlobalIDString = 3CFCE6EF1C41A86B008B3EF8;
			remoteInfo = Spotdrop;
		};
/* End PBXContainerItemProxy section */

/* Begin PBXFileReference section */
		10A4306DFDACCC2A6D1D70C4 /* Pods.release.xcconfig */ = {isa = PBXFileReference; includeInIndex = 1; lastKnownFileType = text.xcconfig; name = Pods.release.xcconfig; path = "Pods/Target Support Files/Pods/Pods.release.xcconfig"; sourceTree = "<group>"; };
		3CF5FC0D1C44961E00B1331B /* SpotdropIdentityProvider.swift */ = {isa = PBXFileReference; fileEncoding = 4; lastKnownFileType = sourcecode.swift; path = SpotdropIdentityProvider.swift; sourceTree = "<group>"; };
		3CF5FC0F1C449DE100B1331B /* Constants.swift */ = {isa = PBXFileReference; fileEncoding = 4; lastKnownFileType = sourcecode.swift; path = Constants.swift; sourceTree = "<group>"; };
		3CFCC9AB1C5570D400744698 /* userSignUpRequest.txt */ = {isa = PBXFileReference; fileEncoding = 4; lastKnownFileType = text; path = userSignUpRequest.txt; sourceTree = "<group>"; };
		3CFCC9AD1C55711600744698 /* userSignUpResponse.txt */ = {isa = PBXFileReference; fileEncoding = 4; lastKnownFileType = text; path = userSignUpResponse.txt; sourceTree = "<group>"; };
		3CFCE6F01C41A86B008B3EF8 /* Spotdrop.app */ = {isa = PBXFileReference; explicitFileType = wrapper.application; includeInIndex = 0; path = Spotdrop.app; sourceTree = BUILT_PRODUCTS_DIR; };
		3CFCE6F31C41A86B008B3EF8 /* AppDelegate.swift */ = {isa = PBXFileReference; lastKnownFileType = sourcecode.swift; path = AppDelegate.swift; sourceTree = "<group>"; };
		3CFCE6F51C41A86B008B3EF8 /* ViewController.swift */ = {isa = PBXFileReference; lastKnownFileType = sourcecode.swift; path = ViewController.swift; sourceTree = "<group>"; };
		3CFCE6F81C41A86B008B3EF8 /* Base */ = {isa = PBXFileReference; lastKnownFileType = file.storyboard; name = Base; path = Base.lproj/Main.storyboard; sourceTree = "<group>"; };
		3CFCE6FB1C41A86B008B3EF8 /* Spotdrop.xcdatamodel */ = {isa = PBXFileReference; lastKnownFileType = wrapper.xcdatamodel; path = Spotdrop.xcdatamodel; sourceTree = "<group>"; };
		3CFCE6FD1C41A86B008B3EF8 /* Assets.xcassets */ = {isa = PBXFileReference; lastKnownFileType = folder.assetcatalog; path = Assets.xcassets; sourceTree = "<group>"; };
		3CFCE7001C41A86B008B3EF8 /* Base */ = {isa = PBXFileReference; lastKnownFileType = file.storyboard; name = Base; path = Base.lproj/LaunchScreen.storyboard; sourceTree = "<group>"; };
		3CFCE7021C41A86B008B3EF8 /* Info.plist */ = {isa = PBXFileReference; lastKnownFileType = text.plist.xml; path = Info.plist; sourceTree = "<group>"; };
		3CFCE7071C41A86B008B3EF8 /* SpotdropTests.xctest */ = {isa = PBXFileReference; explicitFileType = wrapper.cfbundle; includeInIndex = 0; path = SpotdropTests.xctest; sourceTree = BUILT_PRODUCTS_DIR; };
		3CFCE70B1C41A86B008B3EF8 /* SpotdropTests.swift */ = {isa = PBXFileReference; lastKnownFileType = sourcecode.swift; path = SpotdropTests.swift; sourceTree = "<group>"; };
		3CFCE70D1C41A86B008B3EF8 /* Info.plist */ = {isa = PBXFileReference; lastKnownFileType = text.plist.xml; path = Info.plist; sourceTree = "<group>"; };
		3CFCE7121C41A86B008B3EF8 /* SpotdropUITests.xctest */ = {isa = PBXFileReference; explicitFileType = wrapper.cfbundle; includeInIndex = 0; path = SpotdropUITests.xctest; sourceTree = BUILT_PRODUCTS_DIR; };
		3CFCE7161C41A86B008B3EF8 /* SpotdropUITests.swift */ = {isa = PBXFileReference; lastKnownFileType = sourcecode.swift; path = SpotdropUITests.swift; sourceTree = "<group>"; };
		3CFCE7181C41A86B008B3EF8 /* Info.plist */ = {isa = PBXFileReference; lastKnownFileType = text.plist.xml; path = Info.plist; sourceTree = "<group>"; };
		3CFCE7251C41AA09008B3EF8 /* FBSDKLoginKit.framework */ = {isa = PBXFileReference; lastKnownFileType = wrapper.framework; name = FBSDKLoginKit.framework; path = "../../SDKs/Facebook-iOS-SDK/FBSDKLoginKit.framework"; sourceTree = "<group>"; };
		3CFCE7271C41AA18008B3EF8 /* FBSDKCoreKit.framework */ = {isa = PBXFileReference; lastKnownFileType = wrapper.framework; name = FBSDKCoreKit.framework; path = "../../SDKs/Facebook-iOS-SDK/FBSDKCoreKit.framework"; sourceTree = "<group>"; };
		3CFCE7291C41AA3B008B3EF8 /* FBSDKShareKit.framework */ = {isa = PBXFileReference; lastKnownFileType = wrapper.framework; name = FBSDKShareKit.framework; path = "../../SDKs/Facebook-iOS-SDK/FBSDKShareKit.framework"; sourceTree = "<group>"; };
		3CFCE72B1C41B3F2008B3EF8 /* Spotdrop-Bridging-Header.h */ = {isa = PBXFileReference; lastKnownFileType = sourcecode.c.h; path = "Spotdrop-Bridging-Header.h"; sourceTree = "<group>"; };
		9791452F49F7B1BABCB36419 /* Pods.debug.xcconfig */ = {isa = PBXFileReference; includeInIndex = 1; lastKnownFileType = text.xcconfig; name = Pods.debug.xcconfig; path = "Pods/Target Support Files/Pods/Pods.debug.xcconfig"; sourceTree = "<group>"; };
		995A950E33FECCA56844C356 /* libPods.a */ = {isa = PBXFileReference; explicitFileType = archive.ar; includeInIndex = 0; path = libPods.a; sourceTree = BUILT_PRODUCTS_DIR; };
/* End PBXFileReference section */

/* Begin PBXFrameworksBuildPhase section */
		3CFCE6ED1C41A86B008B3EF8 /* Frameworks */ = {
			isa = PBXFrameworksBuildPhase;
			buildActionMask = 2147483647;
			files = (
				3CFCE7261C41AA09008B3EF8 /* FBSDKLoginKit.framework in Frameworks */,
				3CFCE7281C41AA18008B3EF8 /* FBSDKCoreKit.framework in Frameworks */,
				3CFCE72A1C41AA3B008B3EF8 /* FBSDKShareKit.framework in Frameworks */,
				E6BA83369ABAFDA54F2D90DD /* libPods.a in Frameworks */,
			);
			runOnlyForDeploymentPostprocessing = 0;
		};
		3CFCE7041C41A86B008B3EF8 /* Frameworks */ = {
			isa = PBXFrameworksBuildPhase;
			buildActionMask = 2147483647;
			files = (
			);
			runOnlyForDeploymentPostprocessing = 0;
		};
		3CFCE70F1C41A86B008B3EF8 /* Frameworks */ = {
			isa = PBXFrameworksBuildPhase;
			buildActionMask = 2147483647;
			files = (
			);
			runOnlyForDeploymentPostprocessing = 0;
		};
/* End PBXFrameworksBuildPhase section */

/* Begin PBXGroup section */
		3CF5FC111C449DF800B1331B /* Controllers */ = {
			isa = PBXGroup;
			children = (
				3CFCE6F51C41A86B008B3EF8 /* ViewController.swift */,
			);
			name = Controllers;
			sourceTree = "<group>";
		};
		3CF5FC131C449E7400B1331B /* Model */ = {
			isa = PBXGroup;
			children = (
				3CF5FC0D1C44961E00B1331B /* SpotdropIdentityProvider.swift */,
			);
			name = Model;
			sourceTree = "<group>";
		};
		3CF5FC141C449E8C00B1331B /* Utilities */ = {
			isa = PBXGroup;
			children = (
				3CF5FC0F1C449DE100B1331B /* Constants.swift */,
			);
			name = Utilities;
			sourceTree = "<group>";
		};
		3CF5FC151C449EA100B1331B /* View */ = {
			isa = PBXGroup;
			children = (
				3CFCE6F71C41A86B008B3EF8 /* Main.storyboard */,
				3CFCE6FF1C41A86B008B3EF8 /* LaunchScreen.storyboard */,
			);
			name = View;
			sourceTree = "<group>";
		};
		3CFCC9AA1C5570AB00744698 /* API-Gateway-Models */ = {
			isa = PBXGroup;
			children = (
				3CFCC9AB1C5570D400744698 /* userSignUpRequest.txt */,
				3CFCC9AD1C55711600744698 /* userSignUpResponse.txt */,
			);
			name = "API-Gateway-Models";
			path = Spotdrop;
			sourceTree = "<group>";
		};
		3CFCC9B01C559C8D00744698 /* Lambda-Functions */ = {
			isa = PBXGroup;
			children = (
				3CFCC9B21C559DA200744698 /* login-data-functions */,
				3CFCC9B11C559D2200744698 /* signup-data-functions */,
			);
			name = "Lambda-Functions";
			sourceTree = "<group>";
		};
		3CFCC9B11C559D2200744698 /* signup-data-functions */ = {
			isa = PBXGroup;
			children = (
			);
			name = "signup-data-functions";
			sourceTree = "<group>";
		};
		3CFCC9B21C559DA200744698 /* login-data-functions */ = {
			isa = PBXGroup;
			children = (
			);
			name = "login-data-functions";
			sourceTree = "<group>";
		};
		3CFCE6E71C41A86B008B3EF8 = {
			isa = PBXGroup;
			children = (
				3CFCC9AA1C5570AB00744698 /* API-Gateway-Models */,
				3CFCC9B01C559C8D00744698 /* Lambda-Functions */,
				3CFCE6F21C41A86B008B3EF8 /* Spotdrop */,
				3CFCE70A1C41A86B008B3EF8 /* SpotdropTests */,
				3CFCE7151C41A86B008B3EF8 /* SpotdropUITests */,
				3CFCE6F11C41A86B008B3EF8 /* Products */,
				55259BD1855AE0F8A7D01912 /* Pods */,
				5EED7FC60A33AFF28AAA132A /* Frameworks */,
			);
			sourceTree = "<group>";
		};
		3CFCE6F11C41A86B008B3EF8 /* Products */ = {
			isa = PBXGroup;
			children = (
				3CFCE6F01C41A86B008B3EF8 /* Spotdrop.app */,
				3CFCE7071C41A86B008B3EF8 /* SpotdropTests.xctest */,
				3CFCE7121C41A86B008B3EF8 /* SpotdropUITests.xctest */,
			);
			name = Products;
			sourceTree = "<group>";
		};
		3CFCE6F21C41A86B008B3EF8 /* Spotdrop */ = {
			isa = PBXGroup;
			children = (
				3CFCE6FD1C41A86B008B3EF8 /* Assets.xcassets */,
				3CF5FC151C449EA100B1331B /* View */,
				3CF5FC141C449E8C00B1331B /* Utilities */,
				3CF5FC131C449E7400B1331B /* Model */,
				3CF5FC111C449DF800B1331B /* Controllers */,
				3CFCE6F31C41A86B008B3EF8 /* AppDelegate.swift */,
				3CFCE7021C41A86B008B3EF8 /* Info.plist */,
				3CFCE6FA1C41A86B008B3EF8 /* Spotdrop.xcdatamodeld */,
				3CFCE72B1C41B3F2008B3EF8 /* Spotdrop-Bridging-Header.h */,
			);
			path = Spotdrop;
			sourceTree = "<group>";
		};
		3CFCE70A1C41A86B008B3EF8 /* SpotdropTests */ = {
			isa = PBXGroup;
			children = (
				3CFCE70B1C41A86B008B3EF8 /* SpotdropTests.swift */,
				3CFCE70D1C41A86B008B3EF8 /* Info.plist */,
			);
			path = SpotdropTests;
			sourceTree = "<group>";
		};
		3CFCE7151C41A86B008B3EF8 /* SpotdropUITests */ = {
			isa = PBXGroup;
			children = (
				3CFCE7161C41A86B008B3EF8 /* SpotdropUITests.swift */,
				3CFCE7181C41A86B008B3EF8 /* Info.plist */,
			);
			path = SpotdropUITests;
			sourceTree = "<group>";
		};
		55259BD1855AE0F8A7D01912 /* Pods */ = {
			isa = PBXGroup;
			children = (
				9791452F49F7B1BABCB36419 /* Pods.debug.xcconfig */,
				10A4306DFDACCC2A6D1D70C4 /* Pods.release.xcconfig */,
			);
			name = Pods;
			sourceTree = "<group>";
		};
		5EED7FC60A33AFF28AAA132A /* Frameworks */ = {
			isa = PBXGroup;
			children = (
				3CFCE7291C41AA3B008B3EF8 /* FBSDKShareKit.framework */,
				3CFCE7271C41AA18008B3EF8 /* FBSDKCoreKit.framework */,
				3CFCE7251C41AA09008B3EF8 /* FBSDKLoginKit.framework */,
				995A950E33FECCA56844C356 /* libPods.a */,
			);
			name = Frameworks;
			sourceTree = "<group>";
		};
/* End PBXGroup section */

/* Begin PBXNativeTarget section */
		3CFCE6EF1C41A86B008B3EF8 /* Spotdrop */ = {
			isa = PBXNativeTarget;
			buildConfigurationList = 3CFCE71B1C41A86B008B3EF8 /* Build configuration list for PBXNativeTarget "Spotdrop" */;
			buildPhases = (
				A87313D204F08134A1CF1EEB /* Check Pods Manifest.lock */,
				3CFCE6EC1C41A86B008B3EF8 /* Sources */,
				3CFCE6ED1C41A86B008B3EF8 /* Frameworks */,
				3CFCE6EE1C41A86B008B3EF8 /* Resources */,
				1D919B83032DA3A470902A36 /* Embed Pods Frameworks */,
				E936F018FAA7F8AD2CA3823B /* Copy Pods Resources */,
			);
			buildRules = (
			);
			dependencies = (
			);
			name = Spotdrop;
			productName = Spotdrop;
			productReference = 3CFCE6F01C41A86B008B3EF8 /* Spotdrop.app */;
			productType = "com.apple.product-type.application";
		};
		3CFCE7061C41A86B008B3EF8 /* SpotdropTests */ = {
			isa = PBXNativeTarget;
			buildConfigurationList = 3CFCE71E1C41A86B008B3EF8 /* Build configuration list for PBXNativeTarget "SpotdropTests" */;
			buildPhases = (
				3CFCE7031C41A86B008B3EF8 /* Sources */,
				3CFCE7041C41A86B008B3EF8 /* Frameworks */,
				3CFCE7051C41A86B008B3EF8 /* Resources */,
			);
			buildRules = (
			);
			dependencies = (
				3CFCE7091C41A86B008B3EF8 /* PBXTargetDependency */,
			);
			name = SpotdropTests;
			productName = SpotdropTests;
			productReference = 3CFCE7071C41A86B008B3EF8 /* SpotdropTests.xctest */;
			productType = "com.apple.product-type.bundle.unit-test";
		};
		3CFCE7111C41A86B008B3EF8 /* SpotdropUITests */ = {
			isa = PBXNativeTarget;
			buildConfigurationList = 3CFCE7211C41A86B008B3EF8 /* Build configuration list for PBXNativeTarget "SpotdropUITests" */;
			buildPhases = (
				3CFCE70E1C41A86B008B3EF8 /* Sources */,
				3CFCE70F1C41A86B008B3EF8 /* Frameworks */,
				3CFCE7101C41A86B008B3EF8 /* Resources */,
			);
			buildRules = (
			);
			dependencies = (
				3CFCE7141C41A86B008B3EF8 /* PBXTargetDependency */,
			);
			name = SpotdropUITests;
			productName = SpotdropUITests;
			productReference = 3CFCE7121C41A86B008B3EF8 /* SpotdropUITests.xctest */;
			productType = "com.apple.product-type.bundle.ui-testing";
		};
/* End PBXNativeTarget section */

/* Begin PBXProject section */
		3CFCE6E81C41A86B008B3EF8 /* Project object */ = {
			isa = PBXProject;
			attributes = {
				LastSwiftUpdateCheck = 0720;
				LastUpgradeCheck = 0720;
				ORGANIZATIONNAME = "Erik Koebke";
				TargetAttributes = {
					3CFCE6EF1C41A86B008B3EF8 = {
						CreatedOnToolsVersion = 7.2;
					};
					3CFCE7061C41A86B008B3EF8 = {
						CreatedOnToolsVersion = 7.2;
						TestTargetID = 3CFCE6EF1C41A86B008B3EF8;
					};
					3CFCE7111C41A86B008B3EF8 = {
						CreatedOnToolsVersion = 7.2;
						TestTargetID = 3CFCE6EF1C41A86B008B3EF8;
					};
				};
			};
			buildConfigurationList = 3CFCE6EB1C41A86B008B3EF8 /* Build configuration list for PBXProject "Spotdrop" */;
			compatibilityVersion = "Xcode 3.2";
			developmentRegion = English;
			hasScannedForEncodings = 0;
			knownRegions = (
				en,
				Base,
			);
			mainGroup = 3CFCE6E71C41A86B008B3EF8;
			productRefGroup = 3CFCE6F11C41A86B008B3EF8 /* Products */;
			projectDirPath = "";
			projectRoot = "";
			targets = (
				3CFCE6EF1C41A86B008B3EF8 /* Spotdrop */,
				3CFCE7061C41A86B008B3EF8 /* SpotdropTests */,
				3CFCE7111C41A86B008B3EF8 /* SpotdropUITests */,
			);
		};
/* End PBXProject section */

/* Begin PBXResourcesBuildPhase section */
		3CFCE6EE1C41A86B008B3EF8 /* Resources */ = {
			isa = PBXResourcesBuildPhase;
			buildActionMask = 2147483647;
			files = (
				3CFCE7011C41A86B008B3EF8 /* LaunchScreen.storyboard in Resources */,
				3CFCC9AE1C55711600744698 /* userSignUpResponse.txt in Resources */,
				3CFCC9AC1C5570D400744698 /* userSignUpRequest.txt in Resources */,
				3CFCE6FE1C41A86B008B3EF8 /* Assets.xcassets in Resources */,
				3CFCE6F91C41A86B008B3EF8 /* Main.storyboard in Resources */,
			);
			runOnlyForDeploymentPostprocessing = 0;
		};
		3CFCE7051C41A86B008B3EF8 /* Resources */ = {
			isa = PBXResourcesBuildPhase;
			buildActionMask = 2147483647;
			files = (
			);
			runOnlyForDeploymentPostprocessing = 0;
		};
		3CFCE7101C41A86B008B3EF8 /* Resources */ = {
			isa = PBXResourcesBuildPhase;
			buildActionMask = 2147483647;
			files = (
			);
			runOnlyForDeploymentPostprocessing = 0;
		};
/* End PBXResourcesBuildPhase section */

/* Begin PBXShellScriptBuildPhase section */
		1D919B83032DA3A470902A36 /* Embed Pods Frameworks */ = {
			isa = PBXShellScriptBuildPhase;
			buildActionMask = 2147483647;
			files = (
			);
			inputPaths = (
			);
			name = "Embed Pods Frameworks";
			outputPaths = (
			);
			runOnlyForDeploymentPostprocessing = 0;
			shellPath = /bin/sh;
			shellScript = "\"${SRCROOT}/Pods/Target Support Files/Pods/Pods-frameworks.sh\"\n";
			showEnvVarsInLog = 0;
		};
		A87313D204F08134A1CF1EEB /* Check Pods Manifest.lock */ = {
			isa = PBXShellScriptBuildPhase;
			buildActionMask = 2147483647;
			files = (
			);
			inputPaths = (
			);
			name = "Check Pods Manifest.lock";
			outputPaths = (
			);
			runOnlyForDeploymentPostprocessing = 0;
			shellPath = /bin/sh;
			shellScript = "diff \"${PODS_ROOT}/../Podfile.lock\" \"${PODS_ROOT}/Manifest.lock\" > /dev/null\nif [[ $? != 0 ]] ; then\n    cat << EOM\nerror: The sandbox is not in sync with the Podfile.lock. Run 'pod install' or update your CocoaPods installation.\nEOM\n    exit 1\nfi\n";
			showEnvVarsInLog = 0;
		};
		E936F018FAA7F8AD2CA3823B /* Copy Pods Resources */ = {
			isa = PBXShellScriptBuildPhase;
			buildActionMask = 2147483647;
			files = (
			);
			inputPaths = (
			);
			name = "Copy Pods Resources";
			outputPaths = (
			);
			runOnlyForDeploymentPostprocessing = 0;
			shellPath = /bin/sh;
			shellScript = "\"${SRCROOT}/Pods/Target Support Files/Pods/Pods-resources.sh\"\n";
			showEnvVarsInLog = 0;
		};
/* End PBXShellScriptBuildPhase section */

/* Begin PBXSourcesBuildPhase section */
		3CFCE6EC1C41A86B008B3EF8 /* Sources */ = {
			isa = PBXSourcesBuildPhase;
			buildActionMask = 2147483647;
			files = (
				3CF5FC101C449DE100B1331B /* Constants.swift in Sources */,
				3CFCE6F61C41A86B008B3EF8 /* ViewController.swift in Sources */,
				3CF5FC0E1C44961E00B1331B /* SpotdropIdentityProvider.swift in Sources */,
				3CFCE6FC1C41A86B008B3EF8 /* Spotdrop.xcdatamodeld in Sources */,
				3CFCE6F41C41A86B008B3EF8 /* AppDelegate.swift in Sources */,
			);
			runOnlyForDeploymentPostprocessing = 0;
		};
		3CFCE7031C41A86B008B3EF8 /* Sources */ = {
			isa = PBXSourcesBuildPhase;
			buildActionMask = 2147483647;
			files = (
				3CFCE70C1C41A86B008B3EF8 /* SpotdropTests.swift in Sources */,
			);
			runOnlyForDeploymentPostprocessing = 0;
		};
		3CFCE70E1C41A86B008B3EF8 /* Sources */ = {
			isa = PBXSourcesBuildPhase;
			buildActionMask = 2147483647;
			files = (
				3CFCE7171C41A86B008B3EF8 /* SpotdropUITests.swift in Sources */,
			);
			runOnlyForDeploymentPostprocessing = 0;
		};
/* End PBXSourcesBuildPhase section */

/* Begin PBXTargetDependency section */
		3CFCE7091C41A86B008B3EF8 /* PBXTargetDependency */ = {
			isa = PBXTargetDependency;
			target = 3CFCE6EF1C41A86B008B3EF8 /* Spotdrop */;
			targetProxy = 3CFCE7081C41A86B008B3EF8 /* PBXContainerItemProxy */;
		};
		3CFCE7141C41A86B008B3EF8 /* PBXTargetDependency */ = {
			isa = PBXTargetDependency;
			target = 3CFCE6EF1C41A86B008B3EF8 /* Spotdrop */;
			targetProxy = 3CFCE7131C41A86B008B3EF8 /* PBXContainerItemProxy */;
		};
/* End PBXTargetDependency section */

/* Begin PBXVariantGroup section */
		3CFCE6F71C41A86B008B3EF8 /* Main.storyboard */ = {
			isa = PBXVariantGroup;
			children = (
				3CFCE6F81C41A86B008B3EF8 /* Base */,
			);
			name = Main.storyboard;
			sourceTree = "<group>";
		};
		3CFCE6FF1C41A86B008B3EF8 /* LaunchScreen.storyboard */ = {
			isa = PBXVariantGroup;
			children = (
				3CFCE7001C41A86B008B3EF8 /* Base */,
			);
			name = LaunchScreen.storyboard;
			sourceTree = "<group>";
		};
/* End PBXVariantGroup section */

/* Begin XCBuildConfiguration section */
		3CFCE7191C41A86B008B3EF8 /* Debug */ = {
			isa = XCBuildConfiguration;
			buildSettings = {
				ALWAYS_SEARCH_USER_PATHS = NO;
				CLANG_CXX_LANGUAGE_STANDARD = "gnu++0x";
				CLANG_CXX_LIBRARY = "libc++";
				CLANG_ENABLE_MODULES = YES;
				CLANG_ENABLE_OBJC_ARC = YES;
				CLANG_WARN_BOOL_CONVERSION = YES;
				CLANG_WARN_CONSTANT_CONVERSION = YES;
				CLANG_WARN_DIRECT_OBJC_ISA_USAGE = YES_ERROR;
				CLANG_WARN_EMPTY_BODY = YES;
				CLANG_WARN_ENUM_CONVERSION = YES;
				CLANG_WARN_INT_CONVERSION = YES;
				CLANG_WARN_OBJC_ROOT_CLASS = YES_ERROR;
				CLANG_WARN_UNREACHABLE_CODE = YES;
				CLANG_WARN__DUPLICATE_METHOD_MATCH = YES;
				"CODE_SIGN_IDENTITY[sdk=iphoneos*]" = "iPhone Developer";
				COPY_PHASE_STRIP = NO;
				DEBUG_INFORMATION_FORMAT = dwarf;
				ENABLE_STRICT_OBJC_MSGSEND = YES;
				ENABLE_TESTABILITY = YES;
				GCC_C_LANGUAGE_STANDARD = gnu99;
				GCC_DYNAMIC_NO_PIC = NO;
				GCC_NO_COMMON_BLOCKS = YES;
				GCC_OPTIMIZATION_LEVEL = 0;
				GCC_PREPROCESSOR_DEFINITIONS = (
					"DEBUG=1",
					"$(inherited)",
				);
				GCC_WARN_64_TO_32_BIT_CONVERSION = YES;
				GCC_WARN_ABOUT_RETURN_TYPE = YES_ERROR;
				GCC_WARN_UNDECLARED_SELECTOR = YES;
				GCC_WARN_UNINITIALIZED_AUTOS = YES_AGGRESSIVE;
				GCC_WARN_UNUSED_FUNCTION = YES;
				GCC_WARN_UNUSED_VARIABLE = YES;
				IPHONEOS_DEPLOYMENT_TARGET = 9.2;
				MTL_ENABLE_DEBUG_INFO = YES;
				ONLY_ACTIVE_ARCH = YES;
				SDKROOT = iphoneos;
				SWIFT_OPTIMIZATION_LEVEL = "-Onone";
				TARGETED_DEVICE_FAMILY = "1,2";
			};
			name = Debug;
		};
		3CFCE71A1C41A86B008B3EF8 /* Release */ = {
			isa = XCBuildConfiguration;
			buildSettings = {
				ALWAYS_SEARCH_USER_PATHS = NO;
				CLANG_CXX_LANGUAGE_STANDARD = "gnu++0x";
				CLANG_CXX_LIBRARY = "libc++";
				CLANG_ENABLE_MODULES = YES;
				CLANG_ENABLE_OBJC_ARC = YES;
				CLANG_WARN_BOOL_CONVERSION = YES;
				CLANG_WARN_CONSTANT_CONVERSION = YES;
				CLANG_WARN_DIRECT_OBJC_ISA_USAGE = YES_ERROR;
				CLANG_WARN_EMPTY_BODY = YES;
				CLANG_WARN_ENUM_CONVERSION = YES;
				CLANG_WARN_INT_CONVERSION = YES;
				CLANG_WARN_OBJC_ROOT_CLASS = YES_ERROR;
				CLANG_WARN_UNREACHABLE_CODE = YES;
				CLANG_WARN__DUPLICATE_METHOD_MATCH = YES;
				"CODE_SIGN_IDENTITY[sdk=iphoneos*]" = "iPhone Developer";
				COPY_PHASE_STRIP = NO;
				DEBUG_INFORMATION_FORMAT = "dwarf-with-dsym";
				ENABLE_NS_ASSERTIONS = NO;
				ENABLE_STRICT_OBJC_MSGSEND = YES;
				GCC_C_LANGUAGE_STANDARD = gnu99;
				GCC_NO_COMMON_BLOCKS = YES;
				GCC_WARN_64_TO_32_BIT_CONVERSION = YES;
				GCC_WARN_ABOUT_RETURN_TYPE = YES_ERROR;
				GCC_WARN_UNDECLARED_SELECTOR = YES;
				GCC_WARN_UNINITIALIZED_AUTOS = YES_AGGRESSIVE;
				GCC_WARN_UNUSED_FUNCTION = YES;
				GCC_WARN_UNUSED_VARIABLE = YES;
				IPHONEOS_DEPLOYMENT_TARGET = 9.2;
				MTL_ENABLE_DEBUG_INFO = NO;
				SDKROOT = iphoneos;
				TARGETED_DEVICE_FAMILY = "1,2";
				VALIDATE_PRODUCT = YES;
			};
			name = Release;
		};
		3CFCE71C1C41A86B008B3EF8 /* Debug */ = {
			isa = XCBuildConfiguration;
			baseConfigurationReference = 9791452F49F7B1BABCB36419 /* Pods.debug.xcconfig */;
			buildSettings = {
				ASSETCATALOG_COMPILER_APPICON_NAME = AppIcon;
				"FRAMEWORK_SEARCH_PATHS[arch=*]" = "/Users/erikkoebke/SDKs/Facebook-iOS-SDK";
				INFOPLIST_FILE = Spotdrop/Info.plist;
				LD_RUNPATH_SEARCH_PATHS = "$(inherited) @executable_path/Frameworks";
				PRODUCT_BUNDLE_IDENTIFIER = com.app.Spotdrop;
				PRODUCT_NAME = "$(TARGET_NAME)";
				"SWIFT_OBJC_BRIDGING_HEADER[arch=*]" = "Spotdrop/Spotdrop-Bridging-Header.h";
			};
			name = Debug;
		};
		3CFCE71D1C41A86B008B3EF8 /* Release */ = {
			isa = XCBuildConfiguration;
			baseConfigurationReference = 10A4306DFDACCC2A6D1D70C4 /* Pods.release.xcconfig */;
			buildSettings = {
				ASSETCATALOG_COMPILER_APPICON_NAME = AppIcon;
				INFOPLIST_FILE = Spotdrop/Info.plist;
				LD_RUNPATH_SEARCH_PATHS = "$(inherited) @executable_path/Frameworks";
				PRODUCT_BUNDLE_IDENTIFIER = com.app.Spotdrop;
				PRODUCT_NAME = "$(TARGET_NAME)";
				"SWIFT_OBJC_BRIDGING_HEADER[arch=*]" = "Spotdrop/Spotdrop-Bridging-Header.h";
			};
			name = Release;
		};
		3CFCE71F1C41A86B008B3EF8 /* Debug */ = {
			isa = XCBuildConfiguration;
			buildSettings = {
				BUNDLE_LOADER = "$(TEST_HOST)";
				INFOPLIST_FILE = SpotdropTests/Info.plist;
				LD_RUNPATH_SEARCH_PATHS = "$(inherited) @executable_path/Frameworks @loader_path/Frameworks";
				PRODUCT_BUNDLE_IDENTIFIER = com.app.SpotdropTests;
				PRODUCT_NAME = "$(TARGET_NAME)";
				TEST_HOST = "$(BUILT_PRODUCTS_DIR)/Spotdrop.app/Spotdrop";
			};
			name = Debug;
		};
		3CFCE7201C41A86B008B3EF8 /* Release */ = {
			isa = XCBuildConfiguration;
			buildSettings = {
				BUNDLE_LOADER = "$(TEST_HOST)";
				INFOPLIST_FILE = SpotdropTests/Info.plist;
				LD_RUNPATH_SEARCH_PATHS = "$(inherited) @executable_path/Frameworks @loader_path/Frameworks";
				PRODUCT_BUNDLE_IDENTIFIER = com.app.SpotdropTests;
				PRODUCT_NAME = "$(TARGET_NAME)";
				TEST_HOST = "$(BUILT_PRODUCTS_DIR)/Spotdrop.app/Spotdrop";
			};
			name = Release;
		};
		3CFCE7221C41A86B008B3EF8 /* Debug */ = {
			isa = XCBuildConfiguration;
			buildSettings = {
				INFOPLIST_FILE = SpotdropUITests/Info.plist;
				LD_RUNPATH_SEARCH_PATHS = "$(inherited) @executable_path/Frameworks @loader_path/Frameworks";
				PRODUCT_BUNDLE_IDENTIFIER = com.app.SpotdropUITests;
				PRODUCT_NAME = "$(TARGET_NAME)";
				TEST_TARGET_NAME = Spotdrop;
				USES_XCTRUNNER = YES;
			};
			name = Debug;
		};
		3CFCE7231C41A86B008B3EF8 /* Release */ = {
			isa = XCBuildConfiguration;
			buildSettings = {
				INFOPLIST_FILE = SpotdropUITests/Info.plist;
				LD_RUNPATH_SEARCH_PATHS = "$(inherited) @executable_path/Frameworks @loader_path/Frameworks";
				PRODUCT_BUNDLE_IDENTIFIER = com.app.SpotdropUITests;
				PRODUCT_NAME = "$(TARGET_NAME)";
				TEST_TARGET_NAME = Spotdrop;
				USES_XCTRUNNER = YES;
			};
			name = Release;
		};
/* End XCBuildConfiguration section */

/* Begin XCConfigurationList section */
		3CFCE6EB1C41A86B008B3EF8 /* Build configuration list for PBXProject "Spotdrop" */ = {
			isa = XCConfigurationList;
			buildConfigurations = (
				3CFCE7191C41A86B008B3EF8 /* Debug */,
				3CFCE71A1C41A86B008B3EF8 /* Release */,
			);
			defaultConfigurationIsVisible = 0;
			defaultConfigurationName = Release;
		};
		3CFCE71B1C41A86B008B3EF8 /* Build configuration list for PBXNativeTarget "Spotdrop" */ = {
			isa = XCConfigurationList;
			buildConfigurations = (
				3CFCE71C1C41A86B008B3EF8 /* Debug */,
				3CFCE71D1C41A86B008B3EF8 /* Release */,
			);
			defaultConfigurationIsVisible = 0;
			defaultConfigurationName = Release;
		};
		3CFCE71E1C41A86B008B3EF8 /* Build configuration list for PBXNativeTarget "SpotdropTests" */ = {
			isa = XCConfigurationList;
			buildConfigurations = (
				3CFCE71F1C41A86B008B3EF8 /* Debug */,
				3CFCE7201C41A86B008B3EF8 /* Release */,
			);
			defaultConfigurationIsVisible = 0;
			defaultConfigurationName = Release;
		};
		3CFCE7211C41A86B008B3EF8 /* Build configuration list for PBXNativeTarget "SpotdropUITests" */ = {
			isa = XCConfigurationList;
			buildConfigurations = (
				3CFCE7221C41A86B008B3EF8 /* Debug */,
				3CFCE7231C41A86B008B3EF8 /* Release */,
			);
			defaultConfigurationIsVisible = 0;
			defaultConfigurationName = Release;
		};
/* End XCConfigurationList section */

/* Begin XCVersionGroup section */
		3CFCE6FA1C41A86B008B3EF8 /* Spotdrop.xcdatamodeld */ = {
			isa = XCVersionGroup;
			children = (
				3CFCE6FB1C41A86B008B3EF8 /* Spotdrop.xcdatamodel */,
			);
			currentVersion = 3CFCE6FB1C41A86B008B3EF8 /* Spotdrop.xcdatamodel */;
			path = Spotdrop.xcdatamodeld;
			sourceTree = "<group>";
			versionGroupType = wrapper.xcdatamodel;
		};
/* End XCVersionGroup section */
	};
	rootObject = 3CFCE6E81C41A86B008B3EF8 /* Project object */;
}
